// !$*UTF8*$!
{
	archiveVersion = 1;
	classes = {
	};
	objectVersion = 46;
	objects = {

/* Begin PBXBuildFile section */
		4300B0B25C756A83EB6C2B52 /* Pods_FaceWeb.framework in Frameworks */ = {isa = PBXBuildFile; fileRef = A8A4A11C849E6B42109069EB /* Pods_FaceWeb.framework */; };
		571442921DCFA7290077FB2D /* FeedVC.swift in Sources */ = {isa = PBXBuildFile; fileRef = 571442911DCFA7290077FB2D /* FeedVC.swift */; };
		571442941DCFAF4F0077FB2D /* FancyView2.swift in Sources */ = {isa = PBXBuildFile; fileRef = 571442931DCFAF4F0077FB2D /* FancyView2.swift */; };
		571442961DCFD1AE0077FB2D /* CircleView.swift in Sources */ = {isa = PBXBuildFile; fileRef = 571442951DCFD1AE0077FB2D /* CircleView.swift */; };
		571442981DCFD8A80077FB2D /* UITableViewCell.swift in Sources */ = {isa = PBXBuildFile; fileRef = 571442971DCFD8A80077FB2D /* UITableViewCell.swift */; };
		5770A3A51DCF57BB00FD7921 /* AppDelegate.swift in Sources */ = {isa = PBXBuildFile; fileRef = 5770A3A41DCF57BB00FD7921 /* AppDelegate.swift */; };
		5770A3A71DCF57BB00FD7921 /* SignInVC.swift in Sources */ = {isa = PBXBuildFile; fileRef = 5770A3A61DCF57BB00FD7921 /* SignInVC.swift */; };
		5770A3AA1DCF57BB00FD7921 /* Main.storyboard in Resources */ = {isa = PBXBuildFile; fileRef = 5770A3A81DCF57BB00FD7921 /* Main.storyboard */; };
		5770A3AD1DCF57BB00FD7921 /* FaceWeb.xcdatamodeld in Sources */ = {isa = PBXBuildFile; fileRef = 5770A3AB1DCF57BB00FD7921 /* FaceWeb.xcdatamodeld */; };
		5770A3AF1DCF57BB00FD7921 /* Assets.xcassets in Resources */ = {isa = PBXBuildFile; fileRef = 5770A3AE1DCF57BB00FD7921 /* Assets.xcassets */; };
		5770A3B21DCF57BB00FD7921 /* LaunchScreen.storyboard in Resources */ = {isa = PBXBuildFile; fileRef = 5770A3B01DCF57BB00FD7921 /* LaunchScreen.storyboard */; };
		5770A3BA1DCF58E800FD7921 /* GoogleService-Info.plist in Resources */ = {isa = PBXBuildFile; fileRef = 5770A3B91DCF58E800FD7921 /* GoogleService-Info.plist */; };
		5770A3BF1DCF6FCD00FD7921 /* FancyView.swift in Sources */ = {isa = PBXBuildFile; fileRef = 5770A3BE1DCF6FCD00FD7921 /* FancyView.swift */; };
		5770A3C21DCF705C00FD7921 /* Constants.swift in Sources */ = {isa = PBXBuildFile; fileRef = 5770A3C11DCF705C00FD7921 /* Constants.swift */; };
		5770A3C41DCF726400FD7921 /* RoundButton.swift in Sources */ = {isa = PBXBuildFile; fileRef = 5770A3C31DCF726400FD7921 /* RoundButton.swift */; };
		5770A3C61DCF740C00FD7921 /* FancyField.swift in Sources */ = {isa = PBXBuildFile; fileRef = 5770A3C51DCF740C00FD7921 /* FancyField.swift */; };
		5770A3C81DCF75AB00FD7921 /* FancyButton.swift in Sources */ = {isa = PBXBuildFile; fileRef = 5770A3C71DCF75AB00FD7921 /* FancyButton.swift */; };
		57D14CA91DD0E4E00011BFCC /* DataService.swift in Sources */ = {isa = PBXBuildFile; fileRef = 57D14CA81DD0E4E00011BFCC /* DataService.swift */; };
		57D14CAB1DD10D580011BFCC /* Post.swift in Sources */ = {isa = PBXBuildFile; fileRef = 57D14CAA1DD10D580011BFCC /* Post.swift */; };
/* End PBXBuildFile section */

/* Begin PBXFileReference section */
		450591D4B8943B82A4891C5F /* Pods-FaceWeb.debug.xcconfig */ = {isa = PBXFileReference; includeInIndex = 1; lastKnownFileType = text.xcconfig; name = "Pods-FaceWeb.debug.xcconfig"; path = "Pods/Target Support Files/Pods-FaceWeb/Pods-FaceWeb.debug.xcconfig"; sourceTree = "<group>"; };
		571442901DCF84E00077FB2D /* FaceWeb.entitlements */ = {isa = PBXFileReference; lastKnownFileType = text.plist.entitlements; path = FaceWeb.entitlements; sourceTree = "<group>"; };
		571442911DCFA7290077FB2D /* FeedVC.swift */ = {isa = PBXFileReference; fileEncoding = 4; lastKnownFileType = sourcecode.swift; path = FeedVC.swift; sourceTree = "<group>"; };
		571442931DCFAF4F0077FB2D /* FancyView2.swift */ = {isa = PBXFileReference; fileEncoding = 4; lastKnownFileType = sourcecode.swift; path = FancyView2.swift; sourceTree = "<group>"; };
		571442951DCFD1AE0077FB2D /* CircleView.swift */ = {isa = PBXFileReference; fileEncoding = 4; lastKnownFileType = sourcecode.swift; path = CircleView.swift; sourceTree = "<group>"; };
		571442971DCFD8A80077FB2D /* UITableViewCell.swift */ = {isa = PBXFileReference; fileEncoding = 4; lastKnownFileType = sourcecode.swift; path = UITableViewCell.swift; sourceTree = "<group>"; };
		5770A3A11DCF57BB00FD7921 /* FaceWeb.app */ = {isa = PBXFileReference; explicitFileType = wrapper.application; includeInIndex = 0; path = FaceWeb.app; sourceTree = BUILT_PRODUCTS_DIR; };
		5770A3A41DCF57BB00FD7921 /* AppDelegate.swift */ = {isa = PBXFileReference; lastKnownFileType = sourcecode.swift; path = AppDelegate.swift; sourceTree = "<group>"; };
		5770A3A61DCF57BB00FD7921 /* SignInVC.swift */ = {isa = PBXFileReference; lastKnownFileType = sourcecode.swift; path = SignInVC.swift; sourceTree = "<group>"; };
		5770A3A91DCF57BB00FD7921 /* Base */ = {isa = PBXFileReference; lastKnownFileType = file.storyboard; name = Base; path = Base.lproj/Main.storyboard; sourceTree = "<group>"; };
		5770A3AC1DCF57BB00FD7921 /* FaceWeb.xcdatamodel */ = {isa = PBXFileReference; lastKnownFileType = wrapper.xcdatamodel; path = FaceWeb.xcdatamodel; sourceTree = "<group>"; };
		5770A3AE1DCF57BB00FD7921 /* Assets.xcassets */ = {isa = PBXFileReference; lastKnownFileType = folder.assetcatalog; path = Assets.xcassets; sourceTree = "<group>"; };
		5770A3B11DCF57BB00FD7921 /* Base */ = {isa = PBXFileReference; lastKnownFileType = file.storyboard; name = Base; path = Base.lproj/LaunchScreen.storyboard; sourceTree = "<group>"; };
		5770A3B31DCF57BB00FD7921 /* Info.plist */ = {isa = PBXFileReference; lastKnownFileType = text.plist.xml; path = Info.plist; sourceTree = "<group>"; };
		5770A3B91DCF58E800FD7921 /* GoogleService-Info.plist */ = {isa = PBXFileReference; fileEncoding = 4; lastKnownFileType = text.plist.xml; path = "GoogleService-Info.plist"; sourceTree = "<group>"; };
		5770A3BE1DCF6FCD00FD7921 /* FancyView.swift */ = {isa = PBXFileReference; fileEncoding = 4; lastKnownFileType = sourcecode.swift; path = FancyView.swift; sourceTree = "<group>"; };
		5770A3C11DCF705C00FD7921 /* Constants.swift */ = {isa = PBXFileReference; fileEncoding = 4; lastKnownFileType = sourcecode.swift; path = Constants.swift; sourceTree = "<group>"; };
		5770A3C31DCF726400FD7921 /* RoundButton.swift */ = {isa = PBXFileReference; fileEncoding = 4; lastKnownFileType = sourcecode.swift; path = RoundButton.swift; sourceTree = "<group>"; };
		5770A3C51DCF740C00FD7921 /* FancyField.swift */ = {isa = PBXFileReference; fileEncoding = 4; lastKnownFileType = sourcecode.swift; path = FancyField.swift; sourceTree = "<group>"; };
		5770A3C71DCF75AB00FD7921 /* FancyButton.swift */ = {isa = PBXFileReference; fileEncoding = 4; lastKnownFileType = sourcecode.swift; path = FancyButton.swift; sourceTree = "<group>"; };
		57D14CA81DD0E4E00011BFCC /* DataService.swift */ = {isa = PBXFileReference; fileEncoding = 4; lastKnownFileType = sourcecode.swift; path = DataService.swift; sourceTree = "<group>"; };
		57D14CAA1DD10D580011BFCC /* Post.swift */ = {isa = PBXFileReference; fileEncoding = 4; lastKnownFileType = sourcecode.swift; path = Post.swift; sourceTree = "<group>"; };
		A8A4A11C849E6B42109069EB /* Pods_FaceWeb.framework */ = {isa = PBXFileReference; explicitFileType = wrapper.framework; includeInIndex = 0; path = Pods_FaceWeb.framework; sourceTree = BUILT_PRODUCTS_DIR; };
		C621BE6DB6DEF9EC9B2787BA /* Pods-FaceWeb.release.xcconfig */ = {isa = PBXFileReference; includeInIndex = 1; lastKnownFileType = text.xcconfig; name = "Pods-FaceWeb.release.xcconfig"; path = "Pods/Target Support Files/Pods-FaceWeb/Pods-FaceWeb.release.xcconfig"; sourceTree = "<group>"; };
/* End PBXFileReference section */

/* Begin PBXFrameworksBuildPhase section */
		5770A39E1DCF57BB00FD7921 /* Frameworks */ = {
			isa = PBXFrameworksBuildPhase;
			buildActionMask = 2147483647;
			files = (
				4300B0B25C756A83EB6C2B52 /* Pods_FaceWeb.framework in Frameworks */,
			);
			runOnlyForDeploymentPostprocessing = 0;
		};
/* End PBXFrameworksBuildPhase section */

/* Begin PBXGroup section */
		4BFC38F366B5BA41CE176118 /* Frameworks */ = {
			isa = PBXGroup;
			children = (
				A8A4A11C849E6B42109069EB /* Pods_FaceWeb.framework */,
			);
			name = Frameworks;
			sourceTree = "<group>";
		};
		5770A3981DCF57BB00FD7921 = {
			isa = PBXGroup;
			children = (
				5770A3A31DCF57BB00FD7921 /* FaceWeb */,
				5770A3A21DCF57BB00FD7921 /* Products */,
				F3A20B0DFBD9075CEE7A917A /* Pods */,
				4BFC38F366B5BA41CE176118 /* Frameworks */,
			);
			sourceTree = "<group>";
		};
		5770A3A21DCF57BB00FD7921 /* Products */ = {
			isa = PBXGroup;
			children = (
				5770A3A11DCF57BB00FD7921 /* FaceWeb.app */,
			);
			name = Products;
			sourceTree = "<group>";
		};
		5770A3A31DCF57BB00FD7921 /* FaceWeb */ = {
			isa = PBXGroup;
			children = (
				57D14CA71DD0E4C90011BFCC /* Services */,
				571442901DCF84E00077FB2D /* FaceWeb.entitlements */,
				5770A3C01DCF705100FD7921 /* Utils */,
				5770A3BB1DCF5AB200FD7921 /* Model */,
				5770A3BC1DCF5AB800FD7921 /* View */,
				5770A3BD1DCF5ABD00FD7921 /* Controller */,
				5770A3A41DCF57BB00FD7921 /* AppDelegate.swift */,
				5770A3A81DCF57BB00FD7921 /* Main.storyboard */,
				5770A3AE1DCF57BB00FD7921 /* Assets.xcassets */,
				5770A3B01DCF57BB00FD7921 /* LaunchScreen.storyboard */,
				5770A3B31DCF57BB00FD7921 /* Info.plist */,
				5770A3AB1DCF57BB00FD7921 /* FaceWeb.xcdatamodeld */,
				5770A3B91DCF58E800FD7921 /* GoogleService-Info.plist */,
			);
			path = FaceWeb;
			sourceTree = "<group>";
		};
		5770A3BB1DCF5AB200FD7921 /* Model */ = {
			isa = PBXGroup;
			children = (
				57D14CAA1DD10D580011BFCC /* Post.swift */,
			);
			name = Model;
			sourceTree = "<group>";
		};
		5770A3BC1DCF5AB800FD7921 /* View */ = {
			isa = PBXGroup;
			children = (
				5770A3BE1DCF6FCD00FD7921 /* FancyView.swift */,
				571442931DCFAF4F0077FB2D /* FancyView2.swift */,
				5770A3C31DCF726400FD7921 /* RoundButton.swift */,
				5770A3C51DCF740C00FD7921 /* FancyField.swift */,
				5770A3C71DCF75AB00FD7921 /* FancyButton.swift */,
				571442951DCFD1AE0077FB2D /* CircleView.swift */,
				571442971DCFD8A80077FB2D /* UITableViewCell.swift */,
			);
			name = View;
			sourceTree = "<group>";
		};
		5770A3BD1DCF5ABD00FD7921 /* Controller */ = {
			isa = PBXGroup;
			children = (
				5770A3A61DCF57BB00FD7921 /* SignInVC.swift */,
				571442911DCFA7290077FB2D /* FeedVC.swift */,
			);
			name = Controller;
			sourceTree = "<group>";
		};
		5770A3C01DCF705100FD7921 /* Utils */ = {
			isa = PBXGroup;
			children = (
				5770A3C11DCF705C00FD7921 /* Constants.swift */,
			);
			name = Utils;
			sourceTree = "<group>";
		};
		57D14CA71DD0E4C90011BFCC /* Services */ = {
			isa = PBXGroup;
			children = (
				57D14CA81DD0E4E00011BFCC /* DataService.swift */,
			);
			name = Services;
			sourceTree = "<group>";
		};
		F3A20B0DFBD9075CEE7A917A /* Pods */ = {
			isa = PBXGroup;
			children = (
				450591D4B8943B82A4891C5F /* Pods-FaceWeb.debug.xcconfig */,
				C621BE6DB6DEF9EC9B2787BA /* Pods-FaceWeb.release.xcconfig */,
			);
			name = Pods;
			sourceTree = "<group>";
		};
/* End PBXGroup section */

/* Begin PBXNativeTarget section */
		5770A3A01DCF57BB00FD7921 /* FaceWeb */ = {
			isa = PBXNativeTarget;
			buildConfigurationList = 5770A3B61DCF57BB00FD7921 /* Build configuration list for PBXNativeTarget "FaceWeb" */;
			buildPhases = (
				63816ACE0D17A53F0A914CDD /* [CP] Check Pods Manifest.lock */,
				5770A39D1DCF57BB00FD7921 /* Sources */,
				5770A39E1DCF57BB00FD7921 /* Frameworks */,
				5770A39F1DCF57BB00FD7921 /* Resources */,
				36AA3FEB95BE066A436C4AA7 /* [CP] Embed Pods Frameworks */,
				A688A9080370F05E73097DB4 /* [CP] Copy Pods Resources */,
			);
			buildRules = (
			);
			dependencies = (
			);
			name = FaceWeb;
			productName = FaceWeb;
			productReference = 5770A3A11DCF57BB00FD7921 /* FaceWeb.app */;
			productType = "com.apple.product-type.application";
		};
/* End PBXNativeTarget section */

/* Begin PBXProject section */
		5770A3991DCF57BB00FD7921 /* Project object */ = {
			isa = PBXProject;
			attributes = {
				LastSwiftUpdateCheck = 0810;
				LastUpgradeCheck = 0810;
				ORGANIZATIONNAME = "Mark Funnell";
				TargetAttributes = {
					5770A3A01DCF57BB00FD7921 = {
						CreatedOnToolsVersion = 8.1;
						DevelopmentTeam = THUBUC9XK6;
						ProvisioningStyle = Automatic;
						SystemCapabilities = {
							com.apple.Keychain = {
								enabled = 1;
							};
						};
					};
				};
			};
			buildConfigurationList = 5770A39C1DCF57BB00FD7921 /* Build configuration list for PBXProject "FaceWeb" */;
			compatibilityVersion = "Xcode 3.2";
			developmentRegion = English;
			hasScannedForEncodings = 0;
			knownRegions = (
				en,
				Base,
			);
			mainGroup = 5770A3981DCF57BB00FD7921;
			productRefGroup = 5770A3A21DCF57BB00FD7921 /* Products */;
			projectDirPath = "";
			projectRoot = "";
			targets = (
				5770A3A01DCF57BB00FD7921 /* FaceWeb */,
			);
		};
/* End PBXProject section */

/* Begin PBXResourcesBuildPhase section */
		5770A39F1DCF57BB00FD7921 /* Resources */ = {
			isa = PBXResourcesBuildPhase;
			buildActionMask = 2147483647;
			files = (
				5770A3B21DCF57BB00FD7921 /* LaunchScreen.storyboard in Resources */,
				5770A3BA1DCF58E800FD7921 /* GoogleService-Info.plist in Resources */,
				5770A3AF1DCF57BB00FD7921 /* Assets.xcassets in Resources */,
				5770A3AA1DCF57BB00FD7921 /* Main.storyboard in Resources */,
			);
			runOnlyForDeploymentPostprocessing = 0;
		};
/* End PBXResourcesBuildPhase section */

/* Begin PBXShellScriptBuildPhase section */
		36AA3FEB95BE066A436C4AA7 /* [CP] Embed Pods Frameworks */ = {
			isa = PBXShellScriptBuildPhase;
			buildActionMask = 2147483647;
			files = (
			);
			inputPaths = (
			);
			name = "[CP] Embed Pods Frameworks";
			outputPaths = (
			);
			runOnlyForDeploymentPostprocessing = 0;
			shellPath = /bin/sh;
			shellScript = "\"${SRCROOT}/Pods/Target Support Files/Pods-FaceWeb/Pods-FaceWeb-frameworks.sh\"\n";
			showEnvVarsInLog = 0;
		};
		63816ACE0D17A53F0A914CDD /* [CP] Check Pods Manifest.lock */ = {
			isa = PBXShellScriptBuildPhase;
			buildActionMask = 2147483647;
			files = (
			);
			inputPaths = (
			);
			name = "[CP] Check Pods Manifest.lock";
			outputPaths = (
			);
			runOnlyForDeploymentPostprocessing = 0;
			shellPath = /bin/sh;
			shellScript = "diff \"${PODS_ROOT}/../Podfile.lock\" \"${PODS_ROOT}/Manifest.lock\" > /dev/null\nif [ $? != 0 ] ; then\n    # print error to STDERR\n    echo \"error: The sandbox is not in sync with the Podfile.lock. Run 'pod install' or update your CocoaPods installation.\" >&2\n    exit 1\nfi\n";
			showEnvVarsInLog = 0;
		};
		A688A9080370F05E73097DB4 /* [CP] Copy Pods Resources */ = {
			isa = PBXShellScriptBuildPhase;
			buildActionMask = 2147483647;
			files = (
			);
			inputPaths = (
			);
			name = "[CP] Copy Pods Resources";
			outputPaths = (
			);
			runOnlyForDeploymentPostprocessing = 0;
			shellPath = /bin/sh;
			shellScript = "\"${SRCROOT}/Pods/Target Support Files/Pods-FaceWeb/Pods-FaceWeb-resources.sh\"\n";
			showEnvVarsInLog = 0;
		};
/* End PBXShellScriptBuildPhase section */

/* Begin PBXSourcesBuildPhase section */
		5770A39D1DCF57BB00FD7921 /* Sources */ = {
			isa = PBXSourcesBuildPhase;
			buildActionMask = 2147483647;
			files = (
				571442921DCFA7290077FB2D /* FeedVC.swift in Sources */,
				57D14CA91DD0E4E00011BFCC /* DataService.swift in Sources */,
				571442941DCFAF4F0077FB2D /* FancyView2.swift in Sources */,
				5770A3C41DCF726400FD7921 /* RoundButton.swift in Sources */,
				5770A3C81DCF75AB00FD7921 /* FancyButton.swift in Sources */,
				57D14CAB1DD10D580011BFCC /* Post.swift in Sources */,
				5770A3C21DCF705C00FD7921 /* Constants.swift in Sources */,
				5770A3A71DCF57BB00FD7921 /* SignInVC.swift in Sources */,
				571442961DCFD1AE0077FB2D /* CircleView.swift in Sources */,
				5770A3A51DCF57BB00FD7921 /* AppDelegate.swift in Sources */,
				5770A3BF1DCF6FCD00FD7921 /* FancyView.swift in Sources */,
				571442981DCFD8A80077FB2D /* UITableViewCell.swift in Sources */,
				5770A3C61DCF740C00FD7921 /* FancyField.swift in Sources */,
				5770A3AD1DCF57BB00FD7921 /* FaceWeb.xcdatamodeld in Sources */,
			);
			runOnlyForDeploymentPostprocessing = 0;
		};
/* End PBXSourcesBuildPhase section */

/* Begin PBXVariantGroup section */
		5770A3A81DCF57BB00FD7921 /* Main.storyboard */ = {
			isa = PBXVariantGroup;
			children = (
				5770A3A91DCF57BB00FD7921 /* Base */,
			);
			name = Main.storyboard;
			sourceTree = "<group>";
		};
		5770A3B01DCF57BB00FD7921 /* LaunchScreen.storyboard */ = {
			isa = PBXVariantGroup;
			children = (
				5770A3B11DCF57BB00FD7921 /* Base */,
			);
			name = LaunchScreen.storyboard;
			sourceTree = "<group>";
		};
/* End PBXVariantGroup section */

/* Begin XCBuildConfiguration section */
		5770A3B41DCF57BB00FD7921 /* Debug */ = {
			isa = XCBuildConfiguration;
			buildSettings = {
				ALWAYS_SEARCH_USER_PATHS = NO;
				CLANG_ANALYZER_NONNULL = YES;
				CLANG_CXX_LANGUAGE_STANDARD = "gnu++0x";
				CLANG_CXX_LIBRARY = "libc++";
				CLANG_ENABLE_MODULES = YES;
				CLANG_ENABLE_OBJC_ARC = YES;
				CLANG_WARN_BOOL_CONVERSION = YES;
				CLANG_WARN_CONSTANT_CONVERSION = YES;
				CLANG_WARN_DIRECT_OBJC_ISA_USAGE = YES_ERROR;
				CLANG_WARN_DOCUMENTATION_COMMENTS = YES;
				CLANG_WARN_EMPTY_BODY = YES;
				CLANG_WARN_ENUM_CONVERSION = YES;
				CLANG_WARN_INFINITE_RECURSION = YES;
				CLANG_WARN_INT_CONVERSION = YES;
				CLANG_WARN_OBJC_ROOT_CLASS = YES_ERROR;
				CLANG_WARN_SUSPICIOUS_MOVES = YES;
				CLANG_WARN_UNREACHABLE_CODE = YES;
				CLANG_WARN__DUPLICATE_METHOD_MATCH = YES;
				"CODE_SIGN_IDENTITY[sdk=iphoneos*]" = "iPhone Developer";
				COPY_PHASE_STRIP = NO;
				DEBUG_INFORMATION_FORMAT = dwarf;
				ENABLE_STRICT_OBJC_MSGSEND = YES;
				ENABLE_TESTABILITY = YES;
				GCC_C_LANGUAGE_STANDARD = gnu99;
				GCC_DYNAMIC_NO_PIC = NO;
				GCC_NO_COMMON_BLOCKS = YES;
				GCC_OPTIMIZATION_LEVEL = 0;
				GCC_PREPROCESSOR_DEFINITIONS = (
					"DEBUG=1",
					"$(inherited)",
				);
				GCC_WARN_64_TO_32_BIT_CONVERSION = YES;
				GCC_WARN_ABOUT_RETURN_TYPE = YES_ERROR;
				GCC_WARN_UNDECLARED_SELECTOR = YES;
				GCC_WARN_UNINITIALIZED_AUTOS = YES_AGGRESSIVE;
				GCC_WARN_UNUSED_FUNCTION = YES;
				GCC_WARN_UNUSED_VARIABLE = YES;
				IPHONEOS_DEPLOYMENT_TARGET = 10.1;
				MTL_ENABLE_DEBUG_INFO = YES;
				ONLY_ACTIVE_ARCH = YES;
				SDKROOT = iphoneos;
				SWIFT_ACTIVE_COMPILATION_CONDITIONS = DEBUG;
				SWIFT_OPTIMIZATION_LEVEL = "-Onone";
			};
			name = Debug;
		};
		5770A3B51DCF57BB00FD7921 /* Release */ = {
			isa = XCBuildConfiguration;
			buildSettings = {
				ALWAYS_SEARCH_USER_PATHS = NO;
				CLANG_ANALYZER_NONNULL = YES;
				CLANG_CXX_LANGUAGE_STANDARD = "gnu++0x";
				CLANG_CXX_LIBRARY = "libc++";
				CLANG_ENABLE_MODULES = YES;
				CLANG_ENABLE_OBJC_ARC = YES;
				CLANG_WARN_BOOL_CONVERSION = YES;
				CLANG_WARN_CONSTANT_CONVERSION = YES;
				CLANG_WARN_DIRECT_OBJC_ISA_USAGE = YES_ERROR;
				CLANG_WARN_DOCUMENTATION_COMMENTS = YES;
				CLANG_WARN_EMPTY_BODY = YES;
				CLANG_WARN_ENUM_CONVERSION = YES;
				CLANG_WARN_INFINITE_RECURSION = YES;
				CLANG_WARN_INT_CONVERSION = YES;
				CLANG_WARN_OBJC_ROOT_CLASS = YES_ERROR;
				CLANG_WARN_SUSPICIOUS_MOVES = YES;
				CLANG_WARN_UNREACHABLE_CODE = YES;
				CLANG_WARN__DUPLICATE_METHOD_MATCH = YES;
				"CODE_SIGN_IDENTITY[sdk=iphoneos*]" = "iPhone Developer";
				COPY_PHASE_STRIP = NO;
				DEBUG_INFORMATION_FORMAT = "dwarf-with-dsym";
				ENABLE_NS_ASSERTIONS = NO;
				ENABLE_STRICT_OBJC_MSGSEND = YES;
				GCC_C_LANGUAGE_STANDARD = gnu99;
				GCC_NO_COMMON_BLOCKS = YES;
				GCC_WARN_64_TO_32_BIT_CONVERSION = YES;
				GCC_WARN_ABOUT_RETURN_TYPE = YES_ERROR;
				GCC_WARN_UNDECLARED_SELECTOR = YES;
				GCC_WARN_UNINITIALIZED_AUTOS = YES_AGGRESSIVE;
				GCC_WARN_UNUSED_FUNCTION = YES;
				GCC_WARN_UNUSED_VARIABLE = YES;
				IPHONEOS_DEPLOYMENT_TARGET = 10.1;
				MTL_ENABLE_DEBUG_INFO = NO;
				SDKROOT = iphoneos;
				SWIFT_OPTIMIZATION_LEVEL = "-Owholemodule";
				VALIDATE_PRODUCT = YES;
			};
			name = Release;
		};
		5770A3B71DCF57BB00FD7921 /* Debug */ = {
			isa = XCBuildConfiguration;
			baseConfigurationReference = 450591D4B8943B82A4891C5F /* Pods-FaceWeb.debug.xcconfig */;
			buildSettings = {
				ASSETCATALOG_COMPILER_APPICON_NAME = AppIcon;
				CODE_SIGN_ENTITLEMENTS = FaceWeb/FaceWeb.entitlements;
				DEVELOPMENT_TEAM = THUBUC9XK6;
				INFOPLIST_FILE = FaceWeb/Info.plist;
				LD_RUNPATH_SEARCH_PATHS = "$(inherited) @executable_path/Frameworks";
				PRODUCT_BUNDLE_IDENTIFIER = com.mark.FaceWeb;
				PRODUCT_NAME = "$(TARGET_NAME)";
				SWIFT_VERSION = 3.0;
			};
			name = Debug;
		};
		5770A3B81DCF57BB00FD7921 /* Release */ = {
			isa = XCBuildConfiguration;
			baseConfigurationReference = C621BE6DB6DEF9EC9B2787BA /* Pods-FaceWeb.release.xcconfig */;
			buildSettings = {
				ASSETCATALOG_COMPILER_APPICON_NAME = AppIcon;
				CODE_SIGN_ENTITLEMENTS = FaceWeb/FaceWeb.entitlements;
				DEVELOPMENT_TEAM = THUBUC9XK6;
				INFOPLIST_FILE = FaceWeb/Info.plist;
				LD_RUNPATH_SEARCH_PATHS = "$(inherited) @executable_path/Frameworks";
				PRODUCT_BUNDLE_IDENTIFIER = com.mark.FaceWeb;
				PRODUCT_NAME = "$(TARGET_NAME)";
				SWIFT_VERSION = 3.0;
			};
			name = Release;
		};
/* End XCBuildConfiguration section */

/* Begin XCConfigurationList section */
		5770A39C1DCF57BB00FD7921 /* Build configuration list for PBXProject "FaceWeb" */ = {
			isa = XCConfigurationList;
			buildConfigurations = (
				5770A3B41DCF57BB00FD7921 /* Debug */,
				5770A3B51DCF57BB00FD7921 /* Release */,
			);
			defaultConfigurationIsVisible = 0;
			defaultConfigurationName = Release;
		};
		5770A3B61DCF57BB00FD7921 /* Build configuration list for PBXNativeTarget "FaceWeb" */ = {
			isa = XCConfigurationList;
			buildConfigurations = (
				5770A3B71DCF57BB00FD7921 /* Debug */,
				5770A3B81DCF57BB00FD7921 /* Release */,
			);
			defaultConfigurationIsVisible = 0;
			defaultConfigurationName = Release;
		};
/* End XCConfigurationList section */

/* Begin XCVersionGroup section */
		5770A3AB1DCF57BB00FD7921 /* FaceWeb.xcdatamodeld */ = {
			isa = XCVersionGroup;
			children = (
				5770A3AC1DCF57BB00FD7921 /* FaceWeb.xcdatamodel */,
			);
			currentVersion = 5770A3AC1DCF57BB00FD7921 /* FaceWeb.xcdatamodel */;
			path = FaceWeb.xcdatamodeld;
			sourceTree = "<group>";
			versionGroupType = wrapper.xcdatamodel;
		};
/* End XCVersionGroup section */
	};
	rootObject = 5770A3991DCF57BB00FD7921 /* Project object */;
}
